
Microsoft Visual Studio Solution File, Format Version 12.00
# Visual Studio 2015
Project("{FAE04EC0-301F-11D3-BF4B-00C04F79EFBC}") = "tamagochi-tyanv1.Editor", "tamagochi-tyanv1.Editor.csproj", "{B4B36884-D7C3-DEB4-AD54-BA039408FAD4}"
EndProject
Global
	GlobalSection(SolutionConfigurationPlatforms) = preSolution
		Debug|Any CPU = Debug|Any CPU
		Release|Any CPU = Release|Any CPU
	EndGlobalSection
	GlobalSection(ProjectConfigurationPlatforms) = postSolution
		{B4B36884-D7C3-DEB4-AD54-BA039408FAD4}.Debug|Any CPU.ActiveCfg = Debug|Any CPU
		{B4B36884-D7C3-DEB4-AD54-BA039408FAD4}.Debug|Any CPU.Build.0 = Debug|Any CPU
		{B4B36884-D7C3-DEB4-AD54-BA039408FAD4}.Release|Any CPU.ActiveCfg = Release|Any CPU
		{B4B36884-D7C3-DEB4-AD54-BA039408FAD4}.Release|Any CPU.Build.0 = Release|Any CPU
	EndGlobalSection
	GlobalSection(SolutionProperties) = preSolution
		HideSolutionNode = FALSE
	EndGlobalSection
EndGlobal
